
Microsoft Visual Studio Solution File, Format Version 12.00
# Visual Studio Version 17
VisualStudioVersion = 17.4.33103.184
MinimumVisualStudioVersion = 10.0.40219.1
Project("{FAE04EC0-301F-11D3-BF4B-00C04F79EFBC}") = "HotelManagement", "HotelManagement\HotelManagement.csproj", "{D2AB6E6D-F035-4BC5-999C-70D80AF9AF90}"
EndProject
Project("{FAE04EC0-301F-11D3-BF4B-00C04F79EFBC}") = "UnitTestProject1", "UnitTestProject1\UnitTestProject1.csproj", "{E1B41DC0-30F7-4723-A4E6-D3E72AFC367E}"
EndProject
Global
	GlobalSection(SolutionConfigurationPlatforms) = preSolution
		Debug|Any CPU = Debug|Any CPU
		Release|Any CPU = Release|Any CPU
	EndGlobalSection
	GlobalSection(ProjectConfigurationPlatforms) = postSolution
		{D2AB6E6D-F035-4BC5-999C-70D80AF9AF90}.Debug|Any CPU.ActiveCfg = Debug|Any CPU
		{D2AB6E6D-F035-4BC5-999C-70D80AF9AF90}.Debug|Any CPU.Build.0 = Debug|Any CPU
		{D2AB6E6D-F035-4BC5-999C-70D80AF9AF90}.Release|Any CPU.ActiveCfg = Release|Any CPU
		{D2AB6E6D-F035-4BC5-999C-70D80AF9AF90}.Release|Any CPU.Build.0 = Release|Any CPU
		{E1B41DC0-30F7-4723-A4E6-D3E72AFC367E}.Debug|Any CPU.ActiveCfg = Debug|Any CPU
		{E1B41DC0-30F7-4723-A4E6-D3E72AFC367E}.Debug|Any CPU.Build.0 = Debug|Any CPU
		{E1B41DC0-30F7-4723-A4E6-D3E72AFC367E}.Release|Any CPU.ActiveCfg = Release|Any CPU
		{E1B41DC0-30F7-4723-A4E6-D3E72AFC367E}.Release|Any CPU.Build.0 = Release|Any CPU
	EndGlobalSection
	GlobalSection(SolutionProperties) = preSolution
		HideSolutionNode = FALSE
	EndGlobalSection
	GlobalSection(ExtensibilityGlobals) = postSolution
		SolutionGuid = {CB38B38A-616B-4957-9F0B-81CE0F08BC4F}
	EndGlobalSection
EndGlobal
